
Microsoft Visual Studio Solution File, Format Version 12.00
Project("{FAE04EC0-301F-11D3-BF4B-00C04F79EFBC}") = "eShoppo", "eShoppo\eShoppo.csproj", "{D412F41D-6C38-4760-824C-D8F2908E14E8}"
EndProject
Project("{FAE04EC0-301F-11D3-BF4B-00C04F79EFBC}") = "BuildingBlocks", "BuildingBlocks\BuildingBlocks.csproj", "{0D969182-A741-4857-BDF6-D7319F6735A3}"
EndProject
Project("{FAE04EC0-301F-11D3-BF4B-00C04F79EFBC}") = "eShoppo.Notifications", "eShoppo.Notifications\eShoppo.Notifications.csproj", "{17AACD66-3C9D-4A30-A57C-1D0AEE73DAD8}"
EndProject
Project("{FAE04EC0-301F-11D3-BF4B-00C04F79EFBC}") = "eShoppo.Payments", "eShoppo.Payments\eShoppo.Payments.csproj", "{42C1F694-DEBF-457E-A6C0-CCDF470D21D2}"
EndProject
Project("{FAE04EC0-301F-11D3-BF4B-00C04F79EFBC}") = "eShoppo.Orders", "eShoppo.Orders\eShoppo.Orders.csproj", "{63F80863-9F0F-4C6C-B9BE-8277E9BB6791}"
EndProject
Project("{FAE04EC0-301F-11D3-BF4B-00C04F79EFBC}") = "eShoppo.Inventory", "eShoppo.Inventory\eShoppo.Inventory.csproj", "{D5512F70-1132-49F4-A94F-037611C7EFFD}"
EndProject
Project("{FAE04EC0-301F-11D3-BF4B-00C04F79EFBC}") = "eShoppo.Payments.Contracts", "eShoppo.Payments.Contracts\eShoppo.Payments.Contracts.csproj", "{D13FFF42-5582-4272-AB55-BE643751FB7E}"
EndProject
Project("{FAE04EC0-301F-11D3-BF4B-00C04F79EFBC}") = "eShoppo.Orders.Contracts", "eShoppo.Orders.Contracts\eShoppo.Orders.Contracts.csproj", "{70B70086-00E7-4277-97D8-F26F523D0A66}"
EndProject
Project("{2150E333-8FDC-42A3-9474-1A3956D46DE8}") = "Orders", "Orders", "{94016C80-46E3-4937-AAAB-D738D2DD94B8}"
EndProject
Project("{2150E333-8FDC-42A3-9474-1A3956D46DE8}") = "Inventory", "Inventory", "{9A6A15AE-FDDB-4082-B31B-1D0F16423D8E}"
EndProject
Project("{2150E333-8FDC-42A3-9474-1A3956D46DE8}") = "Notifications", "Notifications", "{E80F8F17-1B84-4CF1-8ADB-C53DB02B0AF7}"
EndProject
Project("{2150E333-8FDC-42A3-9474-1A3956D46DE8}") = "Payments", "Payments", "{27ECA9DB-656D-44F6-BE8D-D639DDB57FC8}"
EndProject
Project("{2150E333-8FDC-42A3-9474-1A3956D46DE8}") = "Catalog", "Catalog", "{03DEED2E-D3D4-4E4D-A4FE-83ECA882C723}"
EndProject
Project("{FAE04EC0-301F-11D3-BF4B-00C04F79EFBC}") = "eShoppo.Catalog.Contracts", "eShoppo.Catalog.Contracts\eShoppo.Catalog.Contracts.csproj", "{972FF4D7-0082-44F9-AD8C-3CE34D6717FF}"
EndProject
Project("{FAE04EC0-301F-11D3-BF4B-00C04F79EFBC}") = "eShoppo.Catalog", "eShoppo.Catalog\eShoppo.Catalog.csproj", "{069829B1-078F-45DE-8042-D97C1A07EF99}"
EndProject
Global
	GlobalSection(SolutionConfigurationPlatforms) = preSolution
		Debug|Any CPU = Debug|Any CPU
		Release|Any CPU = Release|Any CPU
	EndGlobalSection
	GlobalSection(ProjectConfigurationPlatforms) = postSolution
		{D412F41D-6C38-4760-824C-D8F2908E14E8}.Debug|Any CPU.ActiveCfg = Debug|Any CPU
		{D412F41D-6C38-4760-824C-D8F2908E14E8}.Debug|Any CPU.Build.0 = Debug|Any CPU
		{D412F41D-6C38-4760-824C-D8F2908E14E8}.Release|Any CPU.ActiveCfg = Release|Any CPU
		{D412F41D-6C38-4760-824C-D8F2908E14E8}.Release|Any CPU.Build.0 = Release|Any CPU
		{0D969182-A741-4857-BDF6-D7319F6735A3}.Debug|Any CPU.ActiveCfg = Debug|Any CPU
		{0D969182-A741-4857-BDF6-D7319F6735A3}.Debug|Any CPU.Build.0 = Debug|Any CPU
		{0D969182-A741-4857-BDF6-D7319F6735A3}.Release|Any CPU.ActiveCfg = Release|Any CPU
		{0D969182-A741-4857-BDF6-D7319F6735A3}.Release|Any CPU.Build.0 = Release|Any CPU
		{17AACD66-3C9D-4A30-A57C-1D0AEE73DAD8}.Debug|Any CPU.ActiveCfg = Debug|Any CPU
		{17AACD66-3C9D-4A30-A57C-1D0AEE73DAD8}.Debug|Any CPU.Build.0 = Debug|Any CPU
		{17AACD66-3C9D-4A30-A57C-1D0AEE73DAD8}.Release|Any CPU.ActiveCfg = Release|Any CPU
		{17AACD66-3C9D-4A30-A57C-1D0AEE73DAD8}.Release|Any CPU.Build.0 = Release|Any CPU
		{42C1F694-DEBF-457E-A6C0-CCDF470D21D2}.Debug|Any CPU.ActiveCfg = Debug|Any CPU
		{42C1F694-DEBF-457E-A6C0-CCDF470D21D2}.Debug|Any CPU.Build.0 = Debug|Any CPU
		{42C1F694-DEBF-457E-A6C0-CCDF470D21D2}.Release|Any CPU.ActiveCfg = Release|Any CPU
		{42C1F694-DEBF-457E-A6C0-CCDF470D21D2}.Release|Any CPU.Build.0 = Release|Any CPU
		{63F80863-9F0F-4C6C-B9BE-8277E9BB6791}.Debug|Any CPU.ActiveCfg = Debug|Any CPU
		{63F80863-9F0F-4C6C-B9BE-8277E9BB6791}.Debug|Any CPU.Build.0 = Debug|Any CPU
		{63F80863-9F0F-4C6C-B9BE-8277E9BB6791}.Release|Any CPU.ActiveCfg = Release|Any CPU
		{63F80863-9F0F-4C6C-B9BE-8277E9BB6791}.Release|Any CPU.Build.0 = Release|Any CPU
		{D5512F70-1132-49F4-A94F-037611C7EFFD}.Debug|Any CPU.ActiveCfg = Debug|Any CPU
		{D5512F70-1132-49F4-A94F-037611C7EFFD}.Debug|Any CPU.Build.0 = Debug|Any CPU
		{D5512F70-1132-49F4-A94F-037611C7EFFD}.Release|Any CPU.ActiveCfg = Release|Any CPU
		{D5512F70-1132-49F4-A94F-037611C7EFFD}.Release|Any CPU.Build.0 = Release|Any CPU
		{D13FFF42-5582-4272-AB55-BE643751FB7E}.Debug|Any CPU.ActiveCfg = Debug|Any CPU
		{D13FFF42-5582-4272-AB55-BE643751FB7E}.Debug|Any CPU.Build.0 = Debug|Any CPU
		{D13FFF42-5582-4272-AB55-BE643751FB7E}.Release|Any CPU.ActiveCfg = Release|Any CPU
		{D13FFF42-5582-4272-AB55-BE643751FB7E}.Release|Any CPU.Build.0 = Release|Any CPU
		{70B70086-00E7-4277-97D8-F26F523D0A66}.Debug|Any CPU.ActiveCfg = Debug|Any CPU
		{70B70086-00E7-4277-97D8-F26F523D0A66}.Debug|Any CPU.Build.0 = Debug|Any CPU
		{70B70086-00E7-4277-97D8-F26F523D0A66}.Release|Any CPU.ActiveCfg = Release|Any CPU
		{70B70086-00E7-4277-97D8-F26F523D0A66}.Release|Any CPU.Build.0 = Release|Any CPU
		{972FF4D7-0082-44F9-AD8C-3CE34D6717FF}.Debug|Any CPU.ActiveCfg = Debug|Any CPU
		{972FF4D7-0082-44F9-AD8C-3CE34D6717FF}.Debug|Any CPU.Build.0 = Debug|Any CPU
		{972FF4D7-0082-44F9-AD8C-3CE34D6717FF}.Release|Any CPU.ActiveCfg = Release|Any CPU
		{972FF4D7-0082-44F9-AD8C-3CE34D6717FF}.Release|Any CPU.Build.0 = Release|Any CPU
		{069829B1-078F-45DE-8042-D97C1A07EF99}.Debug|Any CPU.ActiveCfg = Debug|Any CPU
		{069829B1-078F-45DE-8042-D97C1A07EF99}.Debug|Any CPU.Build.0 = Debug|Any CPU
		{069829B1-078F-45DE-8042-D97C1A07EF99}.Release|Any CPU.ActiveCfg = Release|Any CPU
		{069829B1-078F-45DE-8042-D97C1A07EF99}.Release|Any CPU.Build.0 = Release|Any CPU
	EndGlobalSection
	GlobalSection(NestedProjects) = preSolution
		{D5512F70-1132-49F4-A94F-037611C7EFFD} = {9A6A15AE-FDDB-4082-B31B-1D0F16423D8E}
		{17AACD66-3C9D-4A30-A57C-1D0AEE73DAD8} = {E80F8F17-1B84-4CF1-8ADB-C53DB02B0AF7}
		{63F80863-9F0F-4C6C-B9BE-8277E9BB6791} = {94016C80-46E3-4937-AAAB-D738D2DD94B8}
		{70B70086-00E7-4277-97D8-F26F523D0A66} = {94016C80-46E3-4937-AAAB-D738D2DD94B8}
		{42C1F694-DEBF-457E-A6C0-CCDF470D21D2} = {27ECA9DB-656D-44F6-BE8D-D639DDB57FC8}
		{D13FFF42-5582-4272-AB55-BE643751FB7E} = {27ECA9DB-656D-44F6-BE8D-D639DDB57FC8}
		{972FF4D7-0082-44F9-AD8C-3CE34D6717FF} = {03DEED2E-D3D4-4E4D-A4FE-83ECA882C723}
		{069829B1-078F-45DE-8042-D97C1A07EF99} = {03DEED2E-D3D4-4E4D-A4FE-83ECA882C723}
	EndGlobalSection
EndGlobal
